
Microsoft Visual Studio Solution File, Format Version 12.00
# Visual Studio Version 17
VisualStudioVersion = 17.6.33815.320
MinimumVisualStudioVersion = 10.0.40219.1
Project("{8BC9CEB8-8B4A-11D0-8D11-00A0C91BC942}") = "EscapeDragonPalace_CPP", "EscapeDragonPalace_CPP\EscapeDragonPalace_CPP.vcxproj", "{CAFDA6C4-9452-4965-8339-3F6834F4AE75}"
EndProject
Global
	GlobalSection(SolutionConfigurationPlatforms) = preSolution
		Debug|x64 = Debug|x64
		Debug|x86 = Debug|x86
		Release|x64 = Release|x64
		Release|x86 = Release|x86
	EndGlobalSection
	GlobalSection(ProjectConfigurationPlatforms) = postSolution
		{CAFDA6C4-9452-4965-8339-3F6834F4AE75}.Debug|x64.ActiveCfg = Debug|x64
		{CAFDA6C4-9452-4965-8339-3F6834F4AE75}.Debug|x64.Build.0 = Debug|x64
		{CAFDA6C4-9452-4965-8339-3F6834F4AE75}.Debug|x86.ActiveCfg = Debug|Win32
		{CAFDA6C4-9452-4965-8339-3F6834F4AE75}.Debug|x86.Build.0 = Debug|Win32
		{CAFDA6C4-9452-4965-8339-3F6834F4AE75}.Release|x64.ActiveCfg = Release|x64
		{CAFDA6C4-9452-4965-8339-3F6834F4AE75}.Release|x64.Build.0 = Release|x64
		{CAFDA6C4-9452-4965-8339-3F6834F4AE75}.Release|x86.ActiveCfg = Release|Win32
		{CAFDA6C4-9452-4965-8339-3F6834F4AE75}.Release|x86.Build.0 = Release|Win32
	EndGlobalSection
	GlobalSection(SolutionProperties) = preSolution
		HideSolutionNode = FALSE
	EndGlobalSection
	GlobalSection(ExtensibilityGlobals) = postSolution
		SolutionGuid = {8E1FC23C-868C-46FB-86FB-BCE4D255DBDF}
	EndGlobalSection
EndGlobal
